PODS:
  - FBSnapshotTestCase (2.1.4):
    - FBSnapshotTestCase/SwiftSupport (= 2.1.4)
  - FBSnapshotTestCase/Core (2.1.4)
  - FBSnapshotTestCase/SwiftSupport (2.1.4):
    - FBSnapshotTestCase/Core
  - Kiwi (2.4.0)
  - SqliteSpec (0.1.0)

DEPENDENCIES:
  - FBSnapshotTestCase
  - Kiwi
  - SqliteSpec (from `../`)

EXTERNAL SOURCES:
  SqliteSpec:
    :path: "../"

SPEC CHECKSUMS:
  FBSnapshotTestCase: 094f9f314decbabe373b87cc339bea235a63e07a
  Kiwi: f49c9d54b28917df5928fe44968a39ed198cb8a8
  SqliteSpec: 0c546925528df4399a2386165c64e26b47b7ef1b

PODFILE CHECKSUM: a9d9b29056d6cd063b1f140ced4dd8207d190d1f

COCOAPODS: 1.2.0
